// !$*UTF8*$!
{
	archiveVersion = 1;
	classes = {
	};
	objectVersion = 50;
	objects = {

/* Begin PBXBuildFile section */
		510D17AB265E746D00A1BEB0 /* TripPlannerModel.xcdatamodeld in Sources */ = {isa = PBXBuildFile; fileRef = 510D17A9265E746D00A1BEB0 /* TripPlannerModel.xcdatamodeld */; };
		510E508B265297FC00A736CC /* DetailStagesTableViewController.m in Sources */ = {isa = PBXBuildFile; fileRef = 510E508A265297FC00A736CC /* DetailStagesTableViewController.m */; };
		511B74F2264BC39D00AF637F /* MyTripsTableViewController.m in Sources */ = {isa = PBXBuildFile; fileRef = 511B74F1264BC39D00AF637F /* MyTripsTableViewController.m */; };
		511B74F4264BFA8E00AF637F /* Amsterdam.jpg in Resources */ = {isa = PBXBuildFile; fileRef = 511B74F3264BFA8E00AF637F /* Amsterdam.jpg */; };
		511B7500264BFB4600AF637F /* Vienna.jpg in Resources */ = {isa = PBXBuildFile; fileRef = 511B74FF264BFB4600AF637F /* Vienna.jpg */; };
		511B7502264BFB4C00AF637F /* Roma.jpg in Resources */ = {isa = PBXBuildFile; fileRef = 511B7501264BFB4C00AF637F /* Roma.jpg */; };
		511B7504264BFB5700AF637F /* Oslo.jpg in Resources */ = {isa = PBXBuildFile; fileRef = 511B7503264BFB5700AF637F /* Oslo.jpg */; };
		511B7506264BFB6100AF637F /* Madrid.jpg in Resources */ = {isa = PBXBuildFile; fileRef = 511B7505264BFB6100AF637F /* Madrid.jpg */; };
		511B7508264BFB7000AF637F /* Londra.jpg in Resources */ = {isa = PBXBuildFile; fileRef = 511B7507264BFB7000AF637F /* Londra.jpg */; };
		511B750A264BFB7F00AF637F /* Istanbul.jpg in Resources */ = {isa = PBXBuildFile; fileRef = 511B7509264BFB7F00AF637F /* Istanbul.jpg */; };
		511B750C264BFB8600AF637F /* Copenaghen.jpg in Resources */ = {isa = PBXBuildFile; fileRef = 511B750B264BFB8600AF637F /* Copenaghen.jpg */; };
		512B33FE264938F200597957 /* AppDelegate.m in Sources */ = {isa = PBXBuildFile; fileRef = 512B33FD264938F200597957 /* AppDelegate.m */; };
		512B3401264938F200597957 /* SceneDelegate.m in Sources */ = {isa = PBXBuildFile; fileRef = 512B3400264938F200597957 /* SceneDelegate.m */; };
		512B3404264938F200597957 /* ViewController.m in Sources */ = {isa = PBXBuildFile; fileRef = 512B3403264938F200597957 /* ViewController.m */; };
		512B3407264938F200597957 /* Main.storyboard in Resources */ = {isa = PBXBuildFile; fileRef = 512B3405264938F200597957 /* Main.storyboard */; };
		512B3409264938F300597957 /* Assets.xcassets in Resources */ = {isa = PBXBuildFile; fileRef = 512B3408264938F300597957 /* Assets.xcassets */; };
		512B340C264938F300597957 /* LaunchScreen.storyboard in Resources */ = {isa = PBXBuildFile; fileRef = 512B340A264938F300597957 /* LaunchScreen.storyboard */; };
		512B340F264938F300597957 /* main.m in Sources */ = {isa = PBXBuildFile; fileRef = 512B340E264938F300597957 /* main.m */; };
		512B341E264962D200597957 /* TripListTableViewController.m in Sources */ = {isa = PBXBuildFile; fileRef = 512B341D264962D200597957 /* TripListTableViewController.m */; };
		514B632F264D452F0034BFC6 /* Atene.jpg in Resources */ = {isa = PBXBuildFile; fileRef = 514B632E264D452F0034BFC6 /* Atene.jpg */; };
		514B6331264D45350034BFC6 /* Belfast.jpg in Resources */ = {isa = PBXBuildFile; fileRef = 514B6330264D45350034BFC6 /* Belfast.jpg */; };
		514B6333264D453D0034BFC6 /* Berlino.jpg in Resources */ = {isa = PBXBuildFile; fileRef = 514B6332264D453D0034BFC6 /* Berlino.jpg */; };
		514B6335264D45410034BFC6 /* Bratislava.jpg in Resources */ = {isa = PBXBuildFile; fileRef = 514B6334264D45410034BFC6 /* Bratislava.jpg */; };
		514B6337264D45490034BFC6 /* Bruxelles.jpg in Resources */ = {isa = PBXBuildFile; fileRef = 514B6336264D45490034BFC6 /* Bruxelles.jpg */; };
		514B6339264D454F0034BFC6 /* Budapest.jpg in Resources */ = {isa = PBXBuildFile; fileRef = 514B6338264D454F0034BFC6 /* Budapest.jpg */; };
		514B633B264D45560034BFC6 /* Cardiff.jpg in Resources */ = {isa = PBXBuildFile; fileRef = 514B633A264D45560034BFC6 /* Cardiff.jpg */; };
		514B633D264D455E0034BFC6 /* Dublino.jpg in Resources */ = {isa = PBXBuildFile; fileRef = 514B633C264D455E0034BFC6 /* Dublino.jpg */; };
		514B633F264D45630034BFC6 /* Edimburgo.jpg in Resources */ = {isa = PBXBuildFile; fileRef = 514B633E264D45630034BFC6 /* Edimburgo.jpg */; };
		514B6341264D45690034BFC6 /* Firenze.jpg in Resources */ = {isa = PBXBuildFile; fileRef = 514B6340264D45690034BFC6 /* Firenze.jpg */; };
		514B6343264D456E0034BFC6 /* Helsinki.jpg in Resources */ = {isa = PBXBuildFile; fileRef = 514B6342264D456E0034BFC6 /* Helsinki.jpg */; };
		514B6345264D457A0034BFC6 /* Kiev.jpg in Resources */ = {isa = PBXBuildFile; fileRef = 514B6344264D457A0034BFC6 /* Kiev.jpg */; };
		514B6347264D45830034BFC6 /* Lisbona.jpg in Resources */ = {isa = PBXBuildFile; fileRef = 514B6346264D45830034BFC6 /* Lisbona.jpg */; };
		514B6349264D458C0034BFC6 /* Lubiana.jpg in Resources */ = {isa = PBXBuildFile; fileRef = 514B6348264D458C0034BFC6 /* Lubiana.jpg */; };
		514B634B264D45960034BFC6 /* Milano.jpg in Resources */ = {isa = PBXBuildFile; fileRef = 514B634A264D45960034BFC6 /* Milano.jpg */; };
		514B634D264D459A0034BFC6 /* Montecarlo.jpg in Resources */ = {isa = PBXBuildFile; fileRef = 514B634C264D459A0034BFC6 /* Montecarlo.jpg */; };
		514B634F264D459E0034BFC6 /* Mosca.jpg in Resources */ = {isa = PBXBuildFile; fileRef = 514B634E264D459E0034BFC6 /* Mosca.jpg */; };
		514B6351264D45AA0034BFC6 /* Napoli.jpg in Resources */ = {isa = PBXBuildFile; fileRef = 514B6350264D45AA0034BFC6 /* Napoli.jpg */; };
		514B6353264D45B10034BFC6 /* Praga.jpg in Resources */ = {isa = PBXBuildFile; fileRef = 514B6352264D45B10034BFC6 /* Praga.jpg */; };
		514B6355264D45B70034BFC6 /* Reykjavik.jpg in Resources */ = {isa = PBXBuildFile; fileRef = 514B6354264D45B70034BFC6 /* Reykjavik.jpg */; };
		514B6357264D45BF0034BFC6 /* Stoccolma.jpg in Resources */ = {isa = PBXBuildFile; fileRef = 514B6356264D45BF0034BFC6 /* Stoccolma.jpg */; };
		514B6359264D45C30034BFC6 /* Torino.jpg in Resources */ = {isa = PBXBuildFile; fileRef = 514B6358264D45C30034BFC6 /* Torino.jpg */; };
		514CAC402649C12200F21E6D /* Trip.m in Sources */ = {isa = PBXBuildFile; fileRef = 514CAC3F2649C12200F21E6D /* Trip.m */; };
		514CAC452649D70C00F21E6D /* TripList.m in Sources */ = {isa = PBXBuildFile; fileRef = 514CAC442649D70C00F21E6D /* TripList.m */; };
		514CAC472649DEFC00F21E6D /* Location.png in Resources */ = {isa = PBXBuildFile; fileRef = 514CAC462649DEFC00F21E6D /* Location.png */; };
		514CAC492649DF0700F21E6D /* People.png in Resources */ = {isa = PBXBuildFile; fileRef = 514CAC482649DF0700F21E6D /* People.png */; };
		514CAC4D2649E47F00F21E6D /* Parigi.jpg in Resources */ = {isa = PBXBuildFile; fileRef = 514CAC4C2649E47F00F21E6D /* Parigi.jpg */; };
		5150E959265F8CD8002549EB /* TripCoreData.m in Sources */ = {isa = PBXBuildFile; fileRef = 5150E958265F8CD8002549EB /* TripCoreData.m */; };
		5150E95C265F8EFF002549EB /* Poi.m in Sources */ = {isa = PBXBuildFile; fileRef = 5150E95B265F8EFF002549EB /* Poi.m */; };
		5150E95F265F8F69002549EB /* PoiCoreData.m in Sources */ = {isa = PBXBuildFile; fileRef = 5150E95E265F8F69002549EB /* PoiCoreData.m */; };
		5150E962265F8FBD002549EB /* StageCoreData.m in Sources */ = {isa = PBXBuildFile; fileRef = 5150E961265F8FBD002549EB /* StageCoreData.m */; };
		5150E965265F8FFC002549EB /* PermanenceCoreData.m in Sources */ = {isa = PBXBuildFile; fileRef = 5150E964265F8FFC002549EB /* PermanenceCoreData.m */; };
		5150E968265F906F002549EB /* DisplacementCoreData.m in Sources */ = {isa = PBXBuildFile; fileRef = 5150E967265F906F002549EB /* DisplacementCoreData.m */; };
		5150E96B265F9253002549EB /* CoreDataController.m in Sources */ = {isa = PBXBuildFile; fileRef = 5150E96A265F9253002549EB /* CoreDataController.m */; };
		5165672926593A9700B02108 /* images-40.png in Resources */ = {isa = PBXBuildFile; fileRef = 5165672826593A9700B02108 /* images-40.png */; };
		5165672B26593E9100B02108 /* Piacenza.jpg in Resources */ = {isa = PBXBuildFile; fileRef = 5165672A26593E9100B02108 /* Piacenza.jpg */; };
		51704DD7264A772D004B8A85 /* NewTripTableViewController.m in Sources */ = {isa = PBXBuildFile; fileRef = 51704DD6264A772D004B8A85 /* NewTripTableViewController.m */; };
		51906EB0264AAEF6000B7522 /* ExampleTripDataSource.m in Sources */ = {isa = PBXBuildFile; fileRef = 51906EAF264AAEF6000B7522 /* ExampleTripDataSource.m */; };
		51B57280265809E400EC1819 /* Piazza Armerina.jpg in Resources */ = {isa = PBXBuildFile; fileRef = 51B5727F265809E400EC1819 /* Piazza Armerina.jpg */; };
		51B5728726580A1300EC1819 /* New York.jpg in Resources */ = {isa = PBXBuildFile; fileRef = 51B5728126580A1200EC1819 /* New York.jpg */; };
		51B5728826580A1300EC1819 /* Parma.jpg in Resources */ = {isa = PBXBuildFile; fileRef = 51B5728226580A1200EC1819 /* Parma.jpg */; };
		51B5728926580A1300EC1819 /* Trapani.jpg in Resources */ = {isa = PBXBuildFile; fileRef = 51B5728326580A1200EC1819 /* Trapani.jpg */; };
		51B5728A26580A1300EC1819 /* Venezia.jpg in Resources */ = {isa = PBXBuildFile; fileRef = 51B5728426580A1300EC1819 /* Venezia.jpg */; };
		51B5728B26580A1300EC1819 /* Palermo.jpg in Resources */ = {isa = PBXBuildFile; fileRef = 51B5728526580A1300EC1819 /* Palermo.jpg */; };
		51D96699265269F500B6296D /* StagesTableViewController.m in Sources */ = {isa = PBXBuildFile; fileRef = 51D96698265269F500B6296D /* StagesTableViewController.m */; };
		51D966A126526BCE00B6296D /* Permanence.m in Sources */ = {isa = PBXBuildFile; fileRef = 51D966A026526BCE00B6296D /* Permanence.m */; };
		51D966A426526FAA00B6296D /* Displacement.m in Sources */ = {isa = PBXBuildFile; fileRef = 51D966A326526FAA00B6296D /* Displacement.m */; };
		51DFF7FF264B16980003B481 /* MyLocationTableViewController.m in Sources */ = {isa = PBXBuildFile; fileRef = 51DFF7FE264B16980003B481 /* MyLocationTableViewController.m */; };
		51FE6978265405C100BDA06E /* StagesMapViewController.m in Sources */ = {isa = PBXBuildFile; fileRef = 51FE6977265405C100BDA06E /* StagesMapViewController.m */; };
/* End PBXBuildFile section */

/* Begin PBXFileReference section */
		510D17AA265E746D00A1BEB0 /* TripPlannerModel.xcdatamodel */ = {isa = PBXFileReference; lastKnownFileType = wrapper.xcdatamodel; path = TripPlannerModel.xcdatamodel; sourceTree = "<group>"; };
		510E5089265297FC00A736CC /* DetailStagesTableViewController.h */ = {isa = PBXFileReference; lastKnownFileType = sourcecode.c.h; path = DetailStagesTableViewController.h; sourceTree = "<group>"; };
		510E508A265297FC00A736CC /* DetailStagesTableViewController.m */ = {isa = PBXFileReference; lastKnownFileType = sourcecode.c.objc; path = DetailStagesTableViewController.m; sourceTree = "<group>"; };
		511B74F0264BC39D00AF637F /* MyTripsTableViewController.h */ = {isa = PBXFileReference; lastKnownFileType = sourcecode.c.h; path = MyTripsTableViewController.h; sourceTree = "<group>"; };
		511B74F1264BC39D00AF637F /* MyTripsTableViewController.m */ = {isa = PBXFileReference; lastKnownFileType = sourcecode.c.objc; path = MyTripsTableViewController.m; sourceTree = "<group>"; };
		511B74F3264BFA8E00AF637F /* Amsterdam.jpg */ = {isa = PBXFileReference; lastKnownFileType = image.jpeg; path = Amsterdam.jpg; sourceTree = "<group>"; };
		511B74FF264BFB4600AF637F /* Vienna.jpg */ = {isa = PBXFileReference; lastKnownFileType = image.jpeg; path = Vienna.jpg; sourceTree = "<group>"; };
		511B7501264BFB4C00AF637F /* Roma.jpg */ = {isa = PBXFileReference; lastKnownFileType = image.jpeg; path = Roma.jpg; sourceTree = "<group>"; };
		511B7503264BFB5700AF637F /* Oslo.jpg */ = {isa = PBXFileReference; lastKnownFileType = image.jpeg; path = Oslo.jpg; sourceTree = "<group>"; };
		511B7505264BFB6100AF637F /* Madrid.jpg */ = {isa = PBXFileReference; lastKnownFileType = image.jpeg; path = Madrid.jpg; sourceTree = "<group>"; };
		511B7507264BFB7000AF637F /* Londra.jpg */ = {isa = PBXFileReference; lastKnownFileType = image.jpeg; path = Londra.jpg; sourceTree = "<group>"; };
		511B7509264BFB7F00AF637F /* Istanbul.jpg */ = {isa = PBXFileReference; lastKnownFileType = image.jpeg; path = Istanbul.jpg; sourceTree = "<group>"; };
		511B750B264BFB8600AF637F /* Copenaghen.jpg */ = {isa = PBXFileReference; lastKnownFileType = image.jpeg; path = Copenaghen.jpg; sourceTree = "<group>"; };
		512B33F9264938F200597957 /* TripPlanner.app */ = {isa = PBXFileReference; explicitFileType = wrapper.application; includeInIndex = 0; path = TripPlanner.app; sourceTree = BUILT_PRODUCTS_DIR; };
		512B33FC264938F200597957 /* AppDelegate.h */ = {isa = PBXFileReference; lastKnownFileType = sourcecode.c.h; path = AppDelegate.h; sourceTree = "<group>"; };
		512B33FD264938F200597957 /* AppDelegate.m */ = {isa = PBXFileReference; lastKnownFileType = sourcecode.c.objc; path = AppDelegate.m; sourceTree = "<group>"; };
		512B33FF264938F200597957 /* SceneDelegate.h */ = {isa = PBXFileReference; lastKnownFileType = sourcecode.c.h; path = SceneDelegate.h; sourceTree = "<group>"; };
		512B3400264938F200597957 /* SceneDelegate.m */ = {isa = PBXFileReference; lastKnownFileType = sourcecode.c.objc; path = SceneDelegate.m; sourceTree = "<group>"; };
		512B3402264938F200597957 /* ViewController.h */ = {isa = PBXFileReference; lastKnownFileType = sourcecode.c.h; path = ViewController.h; sourceTree = "<group>"; };
		512B3403264938F200597957 /* ViewController.m */ = {isa = PBXFileReference; lastKnownFileType = sourcecode.c.objc; path = ViewController.m; sourceTree = "<group>"; };
		512B3406264938F200597957 /* Base */ = {isa = PBXFileReference; lastKnownFileType = file.storyboard; name = Base; path = Base.lproj/Main.storyboard; sourceTree = "<group>"; };
		512B3408264938F300597957 /* Assets.xcassets */ = {isa = PBXFileReference; lastKnownFileType = folder.assetcatalog; path = Assets.xcassets; sourceTree = "<group>"; };
		512B340B264938F300597957 /* Base */ = {isa = PBXFileReference; lastKnownFileType = file.storyboard; name = Base; path = Base.lproj/LaunchScreen.storyboard; sourceTree = "<group>"; };
		512B340D264938F300597957 /* Info.plist */ = {isa = PBXFileReference; lastKnownFileType = text.plist.xml; path = Info.plist; sourceTree = "<group>"; };
		512B340E264938F300597957 /* main.m */ = {isa = PBXFileReference; lastKnownFileType = sourcecode.c.objc; path = main.m; sourceTree = "<group>"; };
		512B341C264962D200597957 /* TripListTableViewController.h */ = {isa = PBXFileReference; lastKnownFileType = sourcecode.c.h; path = TripListTableViewController.h; sourceTree = "<group>"; };
		512B341D264962D200597957 /* TripListTableViewController.m */ = {isa = PBXFileReference; lastKnownFileType = sourcecode.c.objc; path = TripListTableViewController.m; sourceTree = "<group>"; };
		514B632E264D452F0034BFC6 /* Atene.jpg */ = {isa = PBXFileReference; lastKnownFileType = image.jpeg; path = Atene.jpg; sourceTree = "<group>"; };
		514B6330264D45350034BFC6 /* Belfast.jpg */ = {isa = PBXFileReference; lastKnownFileType = image.jpeg; path = Belfast.jpg; sourceTree = "<group>"; };
		514B6332264D453D0034BFC6 /* Berlino.jpg */ = {isa = PBXFileReference; lastKnownFileType = image.jpeg; path = Berlino.jpg; sourceTree = "<group>"; };
		514B6334264D45410034BFC6 /* Bratislava.jpg */ = {isa = PBXFileReference; lastKnownFileType = image.jpeg; path = Bratislava.jpg; sourceTree = "<group>"; };
		514B6336264D45490034BFC6 /* Bruxelles.jpg */ = {isa = PBXFileReference; lastKnownFileType = image.jpeg; path = Bruxelles.jpg; sourceTree = "<group>"; };
		514B6338264D454F0034BFC6 /* Budapest.jpg */ = {isa = PBXFileReference; lastKnownFileType = image.jpeg; path = Budapest.jpg; sourceTree = "<group>"; };
		514B633A264D45560034BFC6 /* Cardiff.jpg */ = {isa = PBXFileReference; lastKnownFileType = image.jpeg; path = Cardiff.jpg; sourceTree = "<group>"; };
		514B633C264D455E0034BFC6 /* Dublino.jpg */ = {isa = PBXFileReference; lastKnownFileType = image.jpeg; path = Dublino.jpg; sourceTree = "<group>"; };
		514B633E264D45630034BFC6 /* Edimburgo.jpg */ = {isa = PBXFileReference; lastKnownFileType = image.jpeg; path = Edimburgo.jpg; sourceTree = "<group>"; };
		514B6340264D45690034BFC6 /* Firenze.jpg */ = {isa = PBXFileReference; lastKnownFileType = image.jpeg; path = Firenze.jpg; sourceTree = "<group>"; };
		514B6342264D456E0034BFC6 /* Helsinki.jpg */ = {isa = PBXFileReference; lastKnownFileType = image.jpeg; path = Helsinki.jpg; sourceTree = "<group>"; };
		514B6344264D457A0034BFC6 /* Kiev.jpg */ = {isa = PBXFileReference; lastKnownFileType = image.jpeg; path = Kiev.jpg; sourceTree = "<group>"; };
		514B6346264D45830034BFC6 /* Lisbona.jpg */ = {isa = PBXFileReference; lastKnownFileType = image.jpeg; path = Lisbona.jpg; sourceTree = "<group>"; };
		514B6348264D458C0034BFC6 /* Lubiana.jpg */ = {isa = PBXFileReference; lastKnownFileType = image.jpeg; path = Lubiana.jpg; sourceTree = "<group>"; };
		514B634A264D45960034BFC6 /* Milano.jpg */ = {isa = PBXFileReference; lastKnownFileType = image.jpeg; path = Milano.jpg; sourceTree = "<group>"; };
		514B634C264D459A0034BFC6 /* Montecarlo.jpg */ = {isa = PBXFileReference; lastKnownFileType = image.jpeg; path = Montecarlo.jpg; sourceTree = "<group>"; };
		514B634E264D459E0034BFC6 /* Mosca.jpg */ = {isa = PBXFileReference; lastKnownFileType = image.jpeg; path = Mosca.jpg; sourceTree = "<group>"; };
		514B6350264D45AA0034BFC6 /* Napoli.jpg */ = {isa = PBXFileReference; lastKnownFileType = image.jpeg; path = Napoli.jpg; sourceTree = "<group>"; };
		514B6352264D45B10034BFC6 /* Praga.jpg */ = {isa = PBXFileReference; lastKnownFileType = image.jpeg; path = Praga.jpg; sourceTree = "<group>"; };
		514B6354264D45B70034BFC6 /* Reykjavik.jpg */ = {isa = PBXFileReference; lastKnownFileType = image.jpeg; path = Reykjavik.jpg; sourceTree = "<group>"; };
		514B6356264D45BF0034BFC6 /* Stoccolma.jpg */ = {isa = PBXFileReference; lastKnownFileType = image.jpeg; path = Stoccolma.jpg; sourceTree = "<group>"; };
		514B6358264D45C30034BFC6 /* Torino.jpg */ = {isa = PBXFileReference; lastKnownFileType = image.jpeg; path = Torino.jpg; sourceTree = "<group>"; };
		514CAC3E2649C12200F21E6D /* Trip.h */ = {isa = PBXFileReference; lastKnownFileType = sourcecode.c.h; path = Trip.h; sourceTree = "<group>"; };
		514CAC3F2649C12200F21E6D /* Trip.m */ = {isa = PBXFileReference; lastKnownFileType = sourcecode.c.objc; path = Trip.m; sourceTree = "<group>"; };
		514CAC432649D70C00F21E6D /* TripList.h */ = {isa = PBXFileReference; lastKnownFileType = sourcecode.c.h; path = TripList.h; sourceTree = "<group>"; };
		514CAC442649D70C00F21E6D /* TripList.m */ = {isa = PBXFileReference; lastKnownFileType = sourcecode.c.objc; path = TripList.m; sourceTree = "<group>"; };
		514CAC462649DEFC00F21E6D /* Location.png */ = {isa = PBXFileReference; lastKnownFileType = image.png; path = Location.png; sourceTree = "<group>"; };
		514CAC482649DF0700F21E6D /* People.png */ = {isa = PBXFileReference; lastKnownFileType = image.png; path = People.png; sourceTree = "<group>"; };
		514CAC4C2649E47F00F21E6D /* Parigi.jpg */ = {isa = PBXFileReference; lastKnownFileType = image.jpeg; path = Parigi.jpg; sourceTree = "<group>"; };
		5150E957265F8CD8002549EB /* TripCoreData.h */ = {isa = PBXFileReference; lastKnownFileType = sourcecode.c.h; path = TripCoreData.h; sourceTree = "<group>"; };
		5150E958265F8CD8002549EB /* TripCoreData.m */ = {isa = PBXFileReference; lastKnownFileType = sourcecode.c.objc; path = TripCoreData.m; sourceTree = "<group>"; };
		5150E95A265F8EFF002549EB /* Poi.h */ = {isa = PBXFileReference; lastKnownFileType = sourcecode.c.h; path = Poi.h; sourceTree = "<group>"; };
		5150E95B265F8EFF002549EB /* Poi.m */ = {isa = PBXFileReference; lastKnownFileType = sourcecode.c.objc; path = Poi.m; sourceTree = "<group>"; };
		5150E95D265F8F69002549EB /* PoiCoreData.h */ = {isa = PBXFileReference; lastKnownFileType = sourcecode.c.h; path = PoiCoreData.h; sourceTree = "<group>"; };
		5150E95E265F8F69002549EB /* PoiCoreData.m */ = {isa = PBXFileReference; lastKnownFileType = sourcecode.c.objc; path = PoiCoreData.m; sourceTree = "<group>"; };
		5150E960265F8FBD002549EB /* StageCoreData.h */ = {isa = PBXFileReference; lastKnownFileType = sourcecode.c.h; path = StageCoreData.h; sourceTree = "<group>"; };
		5150E961265F8FBD002549EB /* StageCoreData.m */ = {isa = PBXFileReference; lastKnownFileType = sourcecode.c.objc; path = StageCoreData.m; sourceTree = "<group>"; };
		5150E963265F8FFC002549EB /* PermanenceCoreData.h */ = {isa = PBXFileReference; lastKnownFileType = sourcecode.c.h; path = PermanenceCoreData.h; sourceTree = "<group>"; };
		5150E964265F8FFC002549EB /* PermanenceCoreData.m */ = {isa = PBXFileReference; lastKnownFileType = sourcecode.c.objc; path = PermanenceCoreData.m; sourceTree = "<group>"; };
		5150E966265F906F002549EB /* DisplacementCoreData.h */ = {isa = PBXFileReference; lastKnownFileType = sourcecode.c.h; path = DisplacementCoreData.h; sourceTree = "<group>"; };
		5150E967265F906F002549EB /* DisplacementCoreData.m */ = {isa = PBXFileReference; lastKnownFileType = sourcecode.c.objc; path = DisplacementCoreData.m; sourceTree = "<group>"; };
		5150E969265F9253002549EB /* CoreDataController.h */ = {isa = PBXFileReference; lastKnownFileType = sourcecode.c.h; path = CoreDataController.h; sourceTree = "<group>"; };
		5150E96A265F9253002549EB /* CoreDataController.m */ = {isa = PBXFileReference; lastKnownFileType = sourcecode.c.objc; path = CoreDataController.m; sourceTree = "<group>"; };
		5165672826593A9700B02108 /* images-40.png */ = {isa = PBXFileReference; lastKnownFileType = image.png; name = "images-40.png"; path = "../../../../../../../../../../Users/matteodigiorgio/Desktop/iOS icon/AppIcon.appiconset/images-40.png"; sourceTree = "<group>"; };
		5165672A26593E9100B02108 /* Piacenza.jpg */ = {isa = PBXFileReference; lastKnownFileType = image.jpeg; path = Piacenza.jpg; sourceTree = "<group>"; };
		51704DD5264A772D004B8A85 /* NewTripTableViewController.h */ = {isa = PBXFileReference; lastKnownFileType = sourcecode.c.h; path = NewTripTableViewController.h; sourceTree = "<group>"; };
		51704DD6264A772D004B8A85 /* NewTripTableViewController.m */ = {isa = PBXFileReference; lastKnownFileType = sourcecode.c.objc; path = NewTripTableViewController.m; sourceTree = "<group>"; };
		51906EAD264AAE67000B7522 /* TripDataSource.h */ = {isa = PBXFileReference; lastKnownFileType = sourcecode.c.h; path = TripDataSource.h; sourceTree = "<group>"; };
		51906EAE264AAEF6000B7522 /* ExampleTripDataSource.h */ = {isa = PBXFileReference; lastKnownFileType = sourcecode.c.h; path = ExampleTripDataSource.h; sourceTree = "<group>"; };
		51906EAF264AAEF6000B7522 /* ExampleTripDataSource.m */ = {isa = PBXFileReference; lastKnownFileType = sourcecode.c.objc; path = ExampleTripDataSource.m; sourceTree = "<group>"; };
		51B5727F265809E400EC1819 /* Piazza Armerina.jpg */ = {isa = PBXFileReference; lastKnownFileType = image.jpeg; path = "Piazza Armerina.jpg"; sourceTree = "<group>"; };
		51B5728126580A1200EC1819 /* New York.jpg */ = {isa = PBXFileReference; lastKnownFileType = image.jpeg; path = "New York.jpg"; sourceTree = "<group>"; };
		51B5728226580A1200EC1819 /* Parma.jpg */ = {isa = PBXFileReference; lastKnownFileType = image.jpeg; path = Parma.jpg; sourceTree = "<group>"; };
		51B5728326580A1200EC1819 /* Trapani.jpg */ = {isa = PBXFileReference; lastKnownFileType = image.jpeg; path = Trapani.jpg; sourceTree = "<group>"; };
		51B5728426580A1300EC1819 /* Venezia.jpg */ = {isa = PBXFileReference; lastKnownFileType = image.jpeg; path = Venezia.jpg; sourceTree = "<group>"; };
		51B5728526580A1300EC1819 /* Palermo.jpg */ = {isa = PBXFileReference; lastKnownFileType = image.jpeg; path = Palermo.jpg; sourceTree = "<group>"; };
		51D96697265269F500B6296D /* StagesTableViewController.h */ = {isa = PBXFileReference; lastKnownFileType = sourcecode.c.h; path = StagesTableViewController.h; sourceTree = "<group>"; };
		51D96698265269F500B6296D /* StagesTableViewController.m */ = {isa = PBXFileReference; lastKnownFileType = sourcecode.c.objc; path = StagesTableViewController.m; sourceTree = "<group>"; };
		51D9669F26526BCE00B6296D /* Permanence.h */ = {isa = PBXFileReference; lastKnownFileType = sourcecode.c.h; path = Permanence.h; sourceTree = "<group>"; };
		51D966A026526BCE00B6296D /* Permanence.m */ = {isa = PBXFileReference; lastKnownFileType = sourcecode.c.objc; path = Permanence.m; sourceTree = "<group>"; };
		51D966A226526FAA00B6296D /* Displacement.h */ = {isa = PBXFileReference; lastKnownFileType = sourcecode.c.h; path = Displacement.h; sourceTree = "<group>"; };
		51D966A326526FAA00B6296D /* Displacement.m */ = {isa = PBXFileReference; lastKnownFileType = sourcecode.c.objc; path = Displacement.m; sourceTree = "<group>"; };
		51D966A6265277F400B6296D /* Stage.h */ = {isa = PBXFileReference; lastKnownFileType = sourcecode.c.h; path = Stage.h; sourceTree = "<group>"; };
		51DFF7FD264B16980003B481 /* MyLocationTableViewController.h */ = {isa = PBXFileReference; lastKnownFileType = sourcecode.c.h; path = MyLocationTableViewController.h; sourceTree = "<group>"; };
		51DFF7FE264B16980003B481 /* MyLocationTableViewController.m */ = {isa = PBXFileReference; lastKnownFileType = sourcecode.c.objc; path = MyLocationTableViewController.m; sourceTree = "<group>"; };
		51FE6976265405C100BDA06E /* StagesMapViewController.h */ = {isa = PBXFileReference; lastKnownFileType = sourcecode.c.h; path = StagesMapViewController.h; sourceTree = "<group>"; };
		51FE6977265405C100BDA06E /* StagesMapViewController.m */ = {isa = PBXFileReference; lastKnownFileType = sourcecode.c.objc; path = StagesMapViewController.m; sourceTree = "<group>"; };
/* End PBXFileReference section */

/* Begin PBXFrameworksBuildPhase section */
		512B33F6264938F200597957 /* Frameworks */ = {
			isa = PBXFrameworksBuildPhase;
			buildActionMask = 2147483647;
			files = (
			);
			runOnlyForDeploymentPostprocessing = 0;
		};
/* End PBXFrameworksBuildPhase section */

/* Begin PBXGroup section */
		512B33F0264938F200597957 = {
			isa = PBXGroup;
			children = (
				512B33FB264938F200597957 /* TripPlanner */,
				512B33FA264938F200597957 /* Products */,
			);
			sourceTree = "<group>";
		};
		512B33FA264938F200597957 /* Products */ = {
			isa = PBXGroup;
			children = (
				512B33F9264938F200597957 /* TripPlanner.app */,
			);
			name = Products;
			sourceTree = "<group>";
		};
		512B33FB264938F200597957 /* TripPlanner */ = {
			isa = PBXGroup;
			children = (
				514CAC3D2649C0EE00F21E6D /* Model */,
				512B34152649556A00597957 /* Image */,
				512B33FC264938F200597957 /* AppDelegate.h */,
				512B33FD264938F200597957 /* AppDelegate.m */,
				512B33FF264938F200597957 /* SceneDelegate.h */,
				512B3400264938F200597957 /* SceneDelegate.m */,
				512B3402264938F200597957 /* ViewController.h */,
				512B3403264938F200597957 /* ViewController.m */,
				512B3405264938F200597957 /* Main.storyboard */,
				512B3408264938F300597957 /* Assets.xcassets */,
				512B340A264938F300597957 /* LaunchScreen.storyboard */,
				512B340D264938F300597957 /* Info.plist */,
				512B340E264938F300597957 /* main.m */,
				51906EB2264AB8A2000B7522 /* Views */,
			);
			path = TripPlanner;
			sourceTree = "<group>";
		};
		512B34152649556A00597957 /* Image */ = {
			isa = PBXGroup;
			children = (
				5165672826593A9700B02108 /* images-40.png */,
				511B7501264BFB4C00AF637F /* Roma.jpg */,
				511B74F3264BFA8E00AF637F /* Amsterdam.jpg */,
				514B6332264D453D0034BFC6 /* Berlino.jpg */,
				514B633A264D45560034BFC6 /* Cardiff.jpg */,
				514B6340264D45690034BFC6 /* Firenze.jpg */,
				514B6346264D45830034BFC6 /* Lisbona.jpg */,
				514B6338264D454F0034BFC6 /* Budapest.jpg */,
				514B6350264D45AA0034BFC6 /* Napoli.jpg */,
				514B6348264D458C0034BFC6 /* Lubiana.jpg */,
				514B6352264D45B10034BFC6 /* Praga.jpg */,
				514B634A264D45960034BFC6 /* Milano.jpg */,
				514B634E264D459E0034BFC6 /* Mosca.jpg */,
				514B634C264D459A0034BFC6 /* Montecarlo.jpg */,
				514B6344264D457A0034BFC6 /* Kiev.jpg */,
				514B6342264D456E0034BFC6 /* Helsinki.jpg */,
				514B633E264D45630034BFC6 /* Edimburgo.jpg */,
				514B633C264D455E0034BFC6 /* Dublino.jpg */,
				51B5728126580A1200EC1819 /* New York.jpg */,
				51B5728526580A1300EC1819 /* Palermo.jpg */,
				51B5728226580A1200EC1819 /* Parma.jpg */,
				51B5728326580A1200EC1819 /* Trapani.jpg */,
				5165672A26593E9100B02108 /* Piacenza.jpg */,
				51B5728426580A1300EC1819 /* Venezia.jpg */,
				514B6334264D45410034BFC6 /* Bratislava.jpg */,
				514B6354264D45B70034BFC6 /* Reykjavik.jpg */,
				514B632E264D452F0034BFC6 /* Atene.jpg */,
				514B6336264D45490034BFC6 /* Bruxelles.jpg */,
				514B6358264D45C30034BFC6 /* Torino.jpg */,
				514B6356264D45BF0034BFC6 /* Stoccolma.jpg */,
				51B5727F265809E400EC1819 /* Piazza Armerina.jpg */,
				514B6330264D45350034BFC6 /* Belfast.jpg */,
				511B7505264BFB6100AF637F /* Madrid.jpg */,
				511B7503264BFB5700AF637F /* Oslo.jpg */,
				511B750B264BFB8600AF637F /* Copenaghen.jpg */,
				511B7509264BFB7F00AF637F /* Istanbul.jpg */,
				511B7507264BFB7000AF637F /* Londra.jpg */,
				511B74FF264BFB4600AF637F /* Vienna.jpg */,
				514CAC4C2649E47F00F21E6D /* Parigi.jpg */,
				514CAC482649DF0700F21E6D /* People.png */,
				514CAC462649DEFC00F21E6D /* Location.png */,
			);
			path = Image;
			sourceTree = "<group>";
		};
		514CAC3D2649C0EE00F21E6D /* Model */ = {
			isa = PBXGroup;
			children = (
				514CAC3E2649C12200F21E6D /* Trip.h */,
				514CAC3F2649C12200F21E6D /* Trip.m */,
				514CAC432649D70C00F21E6D /* TripList.h */,
				514CAC442649D70C00F21E6D /* TripList.m */,
				51906EAD264AAE67000B7522 /* TripDataSource.h */,
				51906EAE264AAEF6000B7522 /* ExampleTripDataSource.h */,
				51906EAF264AAEF6000B7522 /* ExampleTripDataSource.m */,
				5150E95B265F8EFF002549EB /* Poi.m */,
				5150E95A265F8EFF002549EB /* Poi.h */,
				51D9669F26526BCE00B6296D /* Permanence.h */,
				51D966A026526BCE00B6296D /* Permanence.m */,
				51D966A226526FAA00B6296D /* Displacement.h */,
				51D966A326526FAA00B6296D /* Displacement.m */,
				51D966A6265277F400B6296D /* Stage.h */,
				510D17A9265E746D00A1BEB0 /* TripPlannerModel.xcdatamodeld */,
				5150E957265F8CD8002549EB /* TripCoreData.h */,
				5150E958265F8CD8002549EB /* TripCoreData.m */,
				5150E95D265F8F69002549EB /* PoiCoreData.h */,
				5150E95E265F8F69002549EB /* PoiCoreData.m */,
				5150E960265F8FBD002549EB /* StageCoreData.h */,
				5150E961265F8FBD002549EB /* StageCoreData.m */,
				5150E963265F8FFC002549EB /* PermanenceCoreData.h */,
				5150E964265F8FFC002549EB /* PermanenceCoreData.m */,
				5150E966265F906F002549EB /* DisplacementCoreData.h */,
				5150E967265F906F002549EB /* DisplacementCoreData.m */,
				5150E969265F9253002549EB /* CoreDataController.h */,
				5150E96A265F9253002549EB /* CoreDataController.m */,
			);
			path = Model;
			sourceTree = "<group>";
		};
		51906EB2264AB8A2000B7522 /* Views */ = {
			isa = PBXGroup;
			children = (
				512B341C264962D200597957 /* TripListTableViewController.h */,
				512B341D264962D200597957 /* TripListTableViewController.m */,
				51704DD5264A772D004B8A85 /* NewTripTableViewController.h */,
				51704DD6264A772D004B8A85 /* NewTripTableViewController.m */,
				51DFF7FD264B16980003B481 /* MyLocationTableViewController.h */,
				51DFF7FE264B16980003B481 /* MyLocationTableViewController.m */,
				511B74F0264BC39D00AF637F /* MyTripsTableViewController.h */,
				511B74F1264BC39D00AF637F /* MyTripsTableViewController.m */,
				51D96697265269F500B6296D /* StagesTableViewController.h */,
				51D96698265269F500B6296D /* StagesTableViewController.m */,
				510E5089265297FC00A736CC /* DetailStagesTableViewController.h */,
				510E508A265297FC00A736CC /* DetailStagesTableViewController.m */,
				51FE6976265405C100BDA06E /* StagesMapViewController.h */,
				51FE6977265405C100BDA06E /* StagesMapViewController.m */,
			);
			path = Views;
			sourceTree = "<group>";
		};
/* End PBXGroup section */

/* Begin PBXNativeTarget section */
		512B33F8264938F200597957 /* TripPlanner */ = {
			isa = PBXNativeTarget;
			buildConfigurationList = 512B3412264938F300597957 /* Build configuration list for PBXNativeTarget "TripPlanner" */;
			buildPhases = (
				512B33F5264938F200597957 /* Sources */,
				512B33F6264938F200597957 /* Frameworks */,
				512B33F7264938F200597957 /* Resources */,
			);
			buildRules = (
			);
			dependencies = (
			);
			name = TripPlanner;
			productName = TripPlanner;
			productReference = 512B33F9264938F200597957 /* TripPlanner.app */;
			productType = "com.apple.product-type.application";
		};
/* End PBXNativeTarget section */

/* Begin PBXProject section */
		512B33F1264938F200597957 /* Project object */ = {
			isa = PBXProject;
			attributes = {
				LastUpgradeCheck = 1250;
				TargetAttributes = {
					512B33F8264938F200597957 = {
						CreatedOnToolsVersion = 12.5;
					};
				};
			};
			buildConfigurationList = 512B33F4264938F200597957 /* Build configuration list for PBXProject "TripPlanner" */;
			compatibilityVersion = "Xcode 9.3";
			developmentRegion = en;
			hasScannedForEncodings = 0;
			knownRegions = (
				en,
				Base,
			);
			mainGroup = 512B33F0264938F200597957;
			productRefGroup = 512B33FA264938F200597957 /* Products */;
			projectDirPath = "";
			projectRoot = "";
			targets = (
				512B33F8264938F200597957 /* TripPlanner */,
			);
		};
/* End PBXProject section */

/* Begin PBXResourcesBuildPhase section */
		512B33F7264938F200597957 /* Resources */ = {
			isa = PBXResourcesBuildPhase;
			buildActionMask = 2147483647;
			files = (
				514B6345264D457A0034BFC6 /* Kiev.jpg in Resources */,
				514B6347264D45830034BFC6 /* Lisbona.jpg in Resources */,
				514B6335264D45410034BFC6 /* Bratislava.jpg in Resources */,
				511B74F4264BFA8E00AF637F /* Amsterdam.jpg in Resources */,
				512B340C264938F300597957 /* LaunchScreen.storyboard in Resources */,
				511B7504264BFB5700AF637F /* Oslo.jpg in Resources */,
				514B6337264D45490034BFC6 /* Bruxelles.jpg in Resources */,
				511B7502264BFB4C00AF637F /* Roma.jpg in Resources */,
				511B7500264BFB4600AF637F /* Vienna.jpg in Resources */,
				514CAC472649DEFC00F21E6D /* Location.png in Resources */,
				51B5728B26580A1300EC1819 /* Palermo.jpg in Resources */,
				512B3409264938F300597957 /* Assets.xcassets in Resources */,
				511B7506264BFB6100AF637F /* Madrid.jpg in Resources */,
				514CAC492649DF0700F21E6D /* People.png in Resources */,
				511B750C264BFB8600AF637F /* Copenaghen.jpg in Resources */,
				514B6343264D456E0034BFC6 /* Helsinki.jpg in Resources */,
				514B6333264D453D0034BFC6 /* Berlino.jpg in Resources */,
				514B634B264D45960034BFC6 /* Milano.jpg in Resources */,
				5165672B26593E9100B02108 /* Piacenza.jpg in Resources */,
				514B6341264D45690034BFC6 /* Firenze.jpg in Resources */,
				5165672926593A9700B02108 /* images-40.png in Resources */,
				51B5728A26580A1300EC1819 /* Venezia.jpg in Resources */,
				511B7508264BFB7000AF637F /* Londra.jpg in Resources */,
				514B6331264D45350034BFC6 /* Belfast.jpg in Resources */,
				514B6359264D45C30034BFC6 /* Torino.jpg in Resources */,
				514B6355264D45B70034BFC6 /* Reykjavik.jpg in Resources */,
				51B5728726580A1300EC1819 /* New York.jpg in Resources */,
				514B633B264D45560034BFC6 /* Cardiff.jpg in Resources */,
				514B6339264D454F0034BFC6 /* Budapest.jpg in Resources */,
				51B5728926580A1300EC1819 /* Trapani.jpg in Resources */,
				514B633D264D455E0034BFC6 /* Dublino.jpg in Resources */,
				514B634F264D459E0034BFC6 /* Mosca.jpg in Resources */,
				51B5728826580A1300EC1819 /* Parma.jpg in Resources */,
				514B6349264D458C0034BFC6 /* Lubiana.jpg in Resources */,
				51B57280265809E400EC1819 /* Piazza Armerina.jpg in Resources */,
				514B632F264D452F0034BFC6 /* Atene.jpg in Resources */,
				511B750A264BFB7F00AF637F /* Istanbul.jpg in Resources */,
				514B633F264D45630034BFC6 /* Edimburgo.jpg in Resources */,
				514B6351264D45AA0034BFC6 /* Napoli.jpg in Resources */,
				512B3407264938F200597957 /* Main.storyboard in Resources */,
				514B6353264D45B10034BFC6 /* Praga.jpg in Resources */,
				514B6357264D45BF0034BFC6 /* Stoccolma.jpg in Resources */,
				514CAC4D2649E47F00F21E6D /* Parigi.jpg in Resources */,
				514B634D264D459A0034BFC6 /* Montecarlo.jpg in Resources */,
			);
			runOnlyForDeploymentPostprocessing = 0;
		};
/* End PBXResourcesBuildPhase section */

/* Begin PBXSourcesBuildPhase section */
		512B33F5264938F200597957 /* Sources */ = {
			isa = PBXSourcesBuildPhase;
			buildActionMask = 2147483647;
			files = (
				512B3404264938F200597957 /* ViewController.m in Sources */,
				51D96699265269F500B6296D /* StagesTableViewController.m in Sources */,
				51D966A126526BCE00B6296D /* Permanence.m in Sources */,
				5150E95F265F8F69002549EB /* PoiCoreData.m in Sources */,
				512B33FE264938F200597957 /* AppDelegate.m in Sources */,
				514CAC452649D70C00F21E6D /* TripList.m in Sources */,
				5150E95C265F8EFF002549EB /* Poi.m in Sources */,
				5150E962265F8FBD002549EB /* StageCoreData.m in Sources */,
				511B74F2264BC39D00AF637F /* MyTripsTableViewController.m in Sources */,
				514CAC402649C12200F21E6D /* Trip.m in Sources */,
				5150E959265F8CD8002549EB /* TripCoreData.m in Sources */,
				51FE6978265405C100BDA06E /* StagesMapViewController.m in Sources */,
				512B340F264938F300597957 /* main.m in Sources */,
				51906EB0264AAEF6000B7522 /* ExampleTripDataSource.m in Sources */,
				5150E96B265F9253002549EB /* CoreDataController.m in Sources */,
				512B3401264938F200597957 /* SceneDelegate.m in Sources */,
				51D966A426526FAA00B6296D /* Displacement.m in Sources */,
				512B341E264962D200597957 /* TripListTableViewController.m in Sources */,
				510E508B265297FC00A736CC /* DetailStagesTableViewController.m in Sources */,
				51DFF7FF264B16980003B481 /* MyLocationTableViewController.m in Sources */,
				5150E968265F906F002549EB /* DisplacementCoreData.m in Sources */,
				51704DD7264A772D004B8A85 /* NewTripTableViewController.m in Sources */,
				5150E965265F8FFC002549EB /* PermanenceCoreData.m in Sources */,
				510D17AB265E746D00A1BEB0 /* TripPlannerModel.xcdatamodeld in Sources */,
			);
			runOnlyForDeploymentPostprocessing = 0;
		};
/* End PBXSourcesBuildPhase section */

/* Begin PBXVariantGroup section */
		512B3405264938F200597957 /* Main.storyboard */ = {
			isa = PBXVariantGroup;
			children = (
				512B3406264938F200597957 /* Base */,
			);
			name = Main.storyboard;
			sourceTree = "<group>";
		};
		512B340A264938F300597957 /* LaunchScreen.storyboard */ = {
			isa = PBXVariantGroup;
			children = (
				512B340B264938F300597957 /* Base */,
			);
			name = LaunchScreen.storyboard;
			sourceTree = "<group>";
		};
/* End PBXVariantGroup section */

/* Begin XCBuildConfiguration section */
		512B3410264938F300597957 /* Debug */ = {
			isa = XCBuildConfiguration;
			buildSettings = {
				ALWAYS_SEARCH_USER_PATHS = NO;
				CLANG_ANALYZER_NONNULL = YES;
				CLANG_ANALYZER_NUMBER_OBJECT_CONVERSION = YES_AGGRESSIVE;
				CLANG_CXX_LANGUAGE_STANDARD = "gnu++14";
				CLANG_CXX_LIBRARY = "libc++";
				CLANG_ENABLE_MODULES = YES;
				CLANG_ENABLE_OBJC_ARC = YES;
				CLANG_ENABLE_OBJC_WEAK = YES;
				CLANG_WARN_BLOCK_CAPTURE_AUTORELEASING = YES;
				CLANG_WARN_BOOL_CONVERSION = YES;
				CLANG_WARN_COMMA = YES;
				CLANG_WARN_CONSTANT_CONVERSION = YES;
				CLANG_WARN_DEPRECATED_OBJC_IMPLEMENTATIONS = YES;
				CLANG_WARN_DIRECT_OBJC_ISA_USAGE = YES_ERROR;
				CLANG_WARN_DOCUMENTATION_COMMENTS = YES;
				CLANG_WARN_EMPTY_BODY = YES;
				CLANG_WARN_ENUM_CONVERSION = YES;
				CLANG_WARN_INFINITE_RECURSION = YES;
				CLANG_WARN_INT_CONVERSION = YES;
				CLANG_WARN_NON_LITERAL_NULL_CONVERSION = YES;
				CLANG_WARN_OBJC_IMPLICIT_RETAIN_SELF = YES;
				CLANG_WARN_OBJC_LITERAL_CONVERSION = YES;
				CLANG_WARN_OBJC_ROOT_CLASS = YES_ERROR;
				CLANG_WARN_QUOTED_INCLUDE_IN_FRAMEWORK_HEADER = YES;
				CLANG_WARN_RANGE_LOOP_ANALYSIS = YES;
				CLANG_WARN_STRICT_PROTOTYPES = YES;
				CLANG_WARN_SUSPICIOUS_MOVE = YES;
				CLANG_WARN_UNGUARDED_AVAILABILITY = YES_AGGRESSIVE;
				CLANG_WARN_UNREACHABLE_CODE = YES;
				CLANG_WARN__DUPLICATE_METHOD_MATCH = YES;
				COPY_PHASE_STRIP = NO;
				DEBUG_INFORMATION_FORMAT = dwarf;
				ENABLE_STRICT_OBJC_MSGSEND = YES;
				ENABLE_TESTABILITY = YES;
				GCC_C_LANGUAGE_STANDARD = gnu11;
				GCC_DYNAMIC_NO_PIC = NO;
				GCC_NO_COMMON_BLOCKS = YES;
				GCC_OPTIMIZATION_LEVEL = 0;
				GCC_PREPROCESSOR_DEFINITIONS = (
					"DEBUG=1",
					"$(inherited)",
				);
				GCC_WARN_64_TO_32_BIT_CONVERSION = YES;
				GCC_WARN_ABOUT_RETURN_TYPE = YES_ERROR;
				GCC_WARN_UNDECLARED_SELECTOR = YES;
				GCC_WARN_UNINITIALIZED_AUTOS = YES_AGGRESSIVE;
				GCC_WARN_UNUSED_FUNCTION = YES;
				GCC_WARN_UNUSED_VARIABLE = YES;
				IPHONEOS_DEPLOYMENT_TARGET = 14.5;
				MTL_ENABLE_DEBUG_INFO = INCLUDE_SOURCE;
				MTL_FAST_MATH = YES;
				ONLY_ACTIVE_ARCH = YES;
				SDKROOT = iphoneos;
			};
			name = Debug;
		};
		512B3411264938F300597957 /* Release */ = {
			isa = XCBuildConfiguration;
			buildSettings = {
				ALWAYS_SEARCH_USER_PATHS = NO;
				CLANG_ANALYZER_NONNULL = YES;
				CLANG_ANALYZER_NUMBER_OBJECT_CONVERSION = YES_AGGRESSIVE;
				CLANG_CXX_LANGUAGE_STANDARD = "gnu++14";
				CLANG_CXX_LIBRARY = "libc++";
				CLANG_ENABLE_MODULES = YES;
				CLANG_ENABLE_OBJC_ARC = YES;
				CLANG_ENABLE_OBJC_WEAK = YES;
				CLANG_WARN_BLOCK_CAPTURE_AUTORELEASING = YES;
				CLANG_WARN_BOOL_CONVERSION = YES;
				CLANG_WARN_COMMA = YES;
				CLANG_WARN_CONSTANT_CONVERSION = YES;
				CLANG_WARN_DEPRECATED_OBJC_IMPLEMENTATIONS = YES;
				CLANG_WARN_DIRECT_OBJC_ISA_USAGE = YES_ERROR;
				CLANG_WARN_DOCUMENTATION_COMMENTS = YES;
				CLANG_WARN_EMPTY_BODY = YES;
				CLANG_WARN_ENUM_CONVERSION = YES;
				CLANG_WARN_INFINITE_RECURSION = YES;
				CLANG_WARN_INT_CONVERSION = YES;
				CLANG_WARN_NON_LITERAL_NULL_CONVERSION = YES;
				CLANG_WARN_OBJC_IMPLICIT_RETAIN_SELF = YES;
				CLANG_WARN_OBJC_LITERAL_CONVERSION = YES;
				CLANG_WARN_OBJC_ROOT_CLASS = YES_ERROR;
				CLANG_WARN_QUOTED_INCLUDE_IN_FRAMEWORK_HEADER = YES;
				CLANG_WARN_RANGE_LOOP_ANALYSIS = YES;
				CLANG_WARN_STRICT_PROTOTYPES = YES;
				CLANG_WARN_SUSPICIOUS_MOVE = YES;
				CLANG_WARN_UNGUARDED_AVAILABILITY = YES_AGGRESSIVE;
				CLANG_WARN_UNREACHABLE_CODE = YES;
				CLANG_WARN__DUPLICATE_METHOD_MATCH = YES;
				COPY_PHASE_STRIP = NO;
				DEBUG_INFORMATION_FORMAT = "dwarf-with-dsym";
				ENABLE_NS_ASSERTIONS = NO;
				ENABLE_STRICT_OBJC_MSGSEND = YES;
				GCC_C_LANGUAGE_STANDARD = gnu11;
				GCC_NO_COMMON_BLOCKS = YES;
				GCC_WARN_64_TO_32_BIT_CONVERSION = YES;
				GCC_WARN_ABOUT_RETURN_TYPE = YES_ERROR;
				GCC_WARN_UNDECLARED_SELECTOR = YES;
				GCC_WARN_UNINITIALIZED_AUTOS = YES_AGGRESSIVE;
				GCC_WARN_UNUSED_FUNCTION = YES;
				GCC_WARN_UNUSED_VARIABLE = YES;
				IPHONEOS_DEPLOYMENT_TARGET = 14.5;
				MTL_ENABLE_DEBUG_INFO = NO;
				MTL_FAST_MATH = YES;
				SDKROOT = iphoneos;
				VALIDATE_PRODUCT = YES;
			};
			name = Release;
		};
		512B3413264938F300597957 /* Debug */ = {
			isa = XCBuildConfiguration;
			buildSettings = {
				ASSETCATALOG_COMPILER_APPICON_NAME = AppIcon;
				ASSETCATALOG_COMPILER_GLOBAL_ACCENT_COLOR_NAME = AccentColor;
				CODE_SIGN_STYLE = Automatic;
				DEVELOPMENT_TEAM = FYZHA9JMM4;
				INFOPLIST_FILE = TripPlanner/Info.plist;
				LD_RUNPATH_SEARCH_PATHS = (
					"$(inherited)",
					"@executable_path/Frameworks",
				);
				PRODUCT_BUNDLE_IDENTIFIER = com.MDG.TripPlanner;
				PRODUCT_NAME = "$(TARGET_NAME)";
				TARGETED_DEVICE_FAMILY = "1,2";
			};
			name = Debug;
		};
		512B3414264938F300597957 /* Release */ = {
			isa = XCBuildConfiguration;
			buildSettings = {
				ASSETCATALOG_COMPILER_APPICON_NAME = AppIcon;
				ASSETCATALOG_COMPILER_GLOBAL_ACCENT_COLOR_NAME = AccentColor;
				CODE_SIGN_STYLE = Automatic;
				DEVELOPMENT_TEAM = FYZHA9JMM4;
				INFOPLIST_FILE = TripPlanner/Info.plist;
				LD_RUNPATH_SEARCH_PATHS = (
					"$(inherited)",
					"@executable_path/Frameworks",
				);
				PRODUCT_BUNDLE_IDENTIFIER = com.MDG.TripPlanner;
				PRODUCT_NAME = "$(TARGET_NAME)";
				TARGETED_DEVICE_FAMILY = "1,2";
			};
			name = Release;
		};
/* End XCBuildConfiguration section */

/* Begin XCConfigurationList section */
		512B33F4264938F200597957 /* Build configuration list for PBXProject "TripPlanner" */ = {
			isa = XCConfigurationList;
			buildConfigurations = (
				512B3410264938F300597957 /* Debug */,
				512B3411264938F300597957 /* Release */,
			);
			defaultConfigurationIsVisible = 0;
			defaultConfigurationName = Release;
		};
		512B3412264938F300597957 /* Build configuration list for PBXNativeTarget "TripPlanner" */ = {
			isa = XCConfigurationList;
			buildConfigurations = (
				512B3413264938F300597957 /* Debug */,
				512B3414264938F300597957 /* Release */,
			);
			defaultConfigurationIsVisible = 0;
			defaultConfigurationName = Release;
		};
/* End XCConfigurationList section */

/* Begin XCVersionGroup section */
		510D17A9265E746D00A1BEB0 /* TripPlannerModel.xcdatamodeld */ = {
			isa = XCVersionGroup;
			children = (
				510D17AA265E746D00A1BEB0 /* TripPlannerModel.xcdatamodel */,
			);
			currentVersion = 510D17AA265E746D00A1BEB0 /* TripPlannerModel.xcdatamodel */;
			path = TripPlannerModel.xcdatamodeld;
			sourceTree = "<group>";
			versionGroupType = wrapper.xcdatamodel;
		};
/* End XCVersionGroup section */
	};
	rootObject = 512B33F1264938F200597957 /* Project object */;
}
